
Microsoft Visual Studio Solution File, Format Version 12.00
# Visual Studio Version 16
VisualStudioVersion = 16.0.30114.105
MinimumVisualStudioVersion = 10.0.40219.1
Project("{9A19103F-16F7-4668-BE54-9A1E7A4F7556}") = "OnSale.Common", "OnSale.Common\OnSale.Common.csproj", "{AE621694-D991-439C-AB6C-80D950F7D8B4}"
EndProject
Project("{9A19103F-16F7-4668-BE54-9A1E7A4F7556}") = "OnSale.Web", "OnSale.Web\OnSale.Web.csproj", "{18E42977-28ED-458B-9FA7-DA9399E99C6B}"
EndProject
Project("{FAE04EC0-301F-11D3-BF4B-00C04F79EFBC}") = "OnSale.Prism", "OnSale.Prism\OnSale.Prism\OnSale.Prism.csproj", "{0F85F5FD-1333-4D56-93CC-1E499625C1BC}"
EndProject
Project("{FAE04EC0-301F-11D3-BF4B-00C04F79EFBC}") = "OnSale.Prism.Android", "OnSale.Prism\OnSale.Prism.Android\OnSale.Prism.Android.csproj", "{88A689B3-05E1-4CBA-B56B-2C9CFD81465A}"
EndProject
Project("{FAE04EC0-301F-11D3-BF4B-00C04F79EFBC}") = "OnSale.Prism.iOS", "OnSale.Prism\OnSale.Prism.iOS\OnSale.Prism.iOS.csproj", "{7A47B739-4F10-412C-AB18-4842F92D8C49}"
EndProject
Global
	GlobalSection(SolutionConfigurationPlatforms) = preSolution
		Ad-Hoc|Any CPU = Ad-Hoc|Any CPU
		Ad-Hoc|iPhone = Ad-Hoc|iPhone
		Ad-Hoc|iPhoneSimulator = Ad-Hoc|iPhoneSimulator
		AppStore|Any CPU = AppStore|Any CPU
		AppStore|iPhone = AppStore|iPhone
		AppStore|iPhoneSimulator = AppStore|iPhoneSimulator
		Debug|Any CPU = Debug|Any CPU
		Debug|iPhone = Debug|iPhone
		Debug|iPhoneSimulator = Debug|iPhoneSimulator
		Release|Any CPU = Release|Any CPU
		Release|iPhone = Release|iPhone
		Release|iPhoneSimulator = Release|iPhoneSimulator
	EndGlobalSection
	GlobalSection(ProjectConfigurationPlatforms) = postSolution
		{AE621694-D991-439C-AB6C-80D950F7D8B4}.Ad-Hoc|Any CPU.ActiveCfg = Release|Any CPU
		{AE621694-D991-439C-AB6C-80D950F7D8B4}.Ad-Hoc|Any CPU.Build.0 = Release|Any CPU
		{AE621694-D991-439C-AB6C-80D950F7D8B4}.Ad-Hoc|iPhone.ActiveCfg = Release|Any CPU
		{AE621694-D991-439C-AB6C-80D950F7D8B4}.Ad-Hoc|iPhone.Build.0 = Release|Any CPU
		{AE621694-D991-439C-AB6C-80D950F7D8B4}.Ad-Hoc|iPhoneSimulator.ActiveCfg = Release|Any CPU
		{AE621694-D991-439C-AB6C-80D950F7D8B4}.Ad-Hoc|iPhoneSimulator.Build.0 = Release|Any CPU
		{AE621694-D991-439C-AB6C-80D950F7D8B4}.AppStore|Any CPU.ActiveCfg = Release|Any CPU
		{AE621694-D991-439C-AB6C-80D950F7D8B4}.AppStore|Any CPU.Build.0 = Release|Any CPU
		{AE621694-D991-439C-AB6C-80D950F7D8B4}.AppStore|iPhone.ActiveCfg = Release|Any CPU
		{AE621694-D991-439C-AB6C-80D950F7D8B4}.AppStore|iPhone.Build.0 = Release|Any CPU
		{AE621694-D991-439C-AB6C-80D950F7D8B4}.AppStore|iPhoneSimulator.ActiveCfg = Release|Any CPU
		{AE621694-D991-439C-AB6C-80D950F7D8B4}.AppStore|iPhoneSimulator.Build.0 = Release|Any CPU
		{AE621694-D991-439C-AB6C-80D950F7D8B4}.Debug|Any CPU.ActiveCfg = Debug|Any CPU
		{AE621694-D991-439C-AB6C-80D950F7D8B4}.Debug|Any CPU.Build.0 = Debug|Any CPU
		{AE621694-D991-439C-AB6C-80D950F7D8B4}.Debug|iPhone.ActiveCfg = Debug|Any CPU
		{AE621694-D991-439C-AB6C-80D950F7D8B4}.Debug|iPhone.Build.0 = Debug|Any CPU
		{AE621694-D991-439C-AB6C-80D950F7D8B4}.Debug|iPhoneSimulator.ActiveCfg = Debug|Any CPU
		{AE621694-D991-439C-AB6C-80D950F7D8B4}.Debug|iPhoneSimulator.Build.0 = Debug|Any CPU
		{AE621694-D991-439C-AB6C-80D950F7D8B4}.Release|Any CPU.ActiveCfg = Release|Any CPU
		{AE621694-D991-439C-AB6C-80D950F7D8B4}.Release|Any CPU.Build.0 = Release|Any CPU
		{AE621694-D991-439C-AB6C-80D950F7D8B4}.Release|iPhone.ActiveCfg = Release|Any CPU
		{AE621694-D991-439C-AB6C-80D950F7D8B4}.Release|iPhone.Build.0 = Release|Any CPU
		{AE621694-D991-439C-AB6C-80D950F7D8B4}.Release|iPhoneSimulator.ActiveCfg = Release|Any CPU
		{AE621694-D991-439C-AB6C-80D950F7D8B4}.Release|iPhoneSimulator.Build.0 = Release|Any CPU
		{18E42977-28ED-458B-9FA7-DA9399E99C6B}.Ad-Hoc|Any CPU.ActiveCfg = Release|Any CPU
		{18E42977-28ED-458B-9FA7-DA9399E99C6B}.Ad-Hoc|Any CPU.Build.0 = Release|Any CPU
		{18E42977-28ED-458B-9FA7-DA9399E99C6B}.Ad-Hoc|iPhone.ActiveCfg = Release|Any CPU
		{18E42977-28ED-458B-9FA7-DA9399E99C6B}.Ad-Hoc|iPhone.Build.0 = Release|Any CPU
		{18E42977-28ED-458B-9FA7-DA9399E99C6B}.Ad-Hoc|iPhoneSimulator.ActiveCfg = Release|Any CPU
		{18E42977-28ED-458B-9FA7-DA9399E99C6B}.Ad-Hoc|iPhoneSimulator.Build.0 = Release|Any CPU
		{18E42977-28ED-458B-9FA7-DA9399E99C6B}.AppStore|Any CPU.ActiveCfg = Release|Any CPU
		{18E42977-28ED-458B-9FA7-DA9399E99C6B}.AppStore|Any CPU.Build.0 = Release|Any CPU
		{18E42977-28ED-458B-9FA7-DA9399E99C6B}.AppStore|iPhone.ActiveCfg = Release|Any CPU
		{18E42977-28ED-458B-9FA7-DA9399E99C6B}.AppStore|iPhone.Build.0 = Release|Any CPU
		{18E42977-28ED-458B-9FA7-DA9399E99C6B}.AppStore|iPhoneSimulator.ActiveCfg = Release|Any CPU
		{18E42977-28ED-458B-9FA7-DA9399E99C6B}.AppStore|iPhoneSimulator.Build.0 = Release|Any CPU
		{18E42977-28ED-458B-9FA7-DA9399E99C6B}.Debug|Any CPU.ActiveCfg = Debug|Any CPU
		{18E42977-28ED-458B-9FA7-DA9399E99C6B}.Debug|Any CPU.Build.0 = Debug|Any CPU
		{18E42977-28ED-458B-9FA7-DA9399E99C6B}.Debug|iPhone.ActiveCfg = Debug|Any CPU
		{18E42977-28ED-458B-9FA7-DA9399E99C6B}.Debug|iPhone.Build.0 = Debug|Any CPU
		{18E42977-28ED-458B-9FA7-DA9399E99C6B}.Debug|iPhoneSimulator.ActiveCfg = Debug|Any CPU
		{18E42977-28ED-458B-9FA7-DA9399E99C6B}.Debug|iPhoneSimulator.Build.0 = Debug|Any CPU
		{18E42977-28ED-458B-9FA7-DA9399E99C6B}.Release|Any CPU.ActiveCfg = Release|Any CPU
		{18E42977-28ED-458B-9FA7-DA9399E99C6B}.Release|Any CPU.Build.0 = Release|Any CPU
		{18E42977-28ED-458B-9FA7-DA9399E99C6B}.Release|iPhone.ActiveCfg = Release|Any CPU
		{18E42977-28ED-458B-9FA7-DA9399E99C6B}.Release|iPhone.Build.0 = Release|Any CPU
		{18E42977-28ED-458B-9FA7-DA9399E99C6B}.Release|iPhoneSimulator.ActiveCfg = Release|Any CPU
		{18E42977-28ED-458B-9FA7-DA9399E99C6B}.Release|iPhoneSimulator.Build.0 = Release|Any CPU
		{0F85F5FD-1333-4D56-93CC-1E499625C1BC}.Ad-Hoc|Any CPU.ActiveCfg = Debug|Any CPU
		{0F85F5FD-1333-4D56-93CC-1E499625C1BC}.Ad-Hoc|Any CPU.Build.0 = Debug|Any CPU
		{0F85F5FD-1333-4D56-93CC-1E499625C1BC}.Ad-Hoc|iPhone.ActiveCfg = Debug|Any CPU
		{0F85F5FD-1333-4D56-93CC-1E499625C1BC}.Ad-Hoc|iPhone.Build.0 = Debug|Any CPU
		{0F85F5FD-1333-4D56-93CC-1E499625C1BC}.Ad-Hoc|iPhoneSimulator.ActiveCfg = Debug|Any CPU
		{0F85F5FD-1333-4D56-93CC-1E499625C1BC}.Ad-Hoc|iPhoneSimulator.Build.0 = Debug|Any CPU
		{0F85F5FD-1333-4D56-93CC-1E499625C1BC}.AppStore|Any CPU.ActiveCfg = Debug|Any CPU
		{0F85F5FD-1333-4D56-93CC-1E499625C1BC}.AppStore|Any CPU.Build.0 = Debug|Any CPU
		{0F85F5FD-1333-4D56-93CC-1E499625C1BC}.AppStore|iPhone.ActiveCfg = Debug|Any CPU
		{0F85F5FD-1333-4D56-93CC-1E499625C1BC}.AppStore|iPhone.Build.0 = Debug|Any CPU
		{0F85F5FD-1333-4D56-93CC-1E499625C1BC}.AppStore|iPhoneSimulator.ActiveCfg = Debug|Any CPU
		{0F85F5FD-1333-4D56-93CC-1E499625C1BC}.AppStore|iPhoneSimulator.Build.0 = Debug|Any CPU
		{0F85F5FD-1333-4D56-93CC-1E499625C1BC}.Debug|Any CPU.ActiveCfg = Debug|Any CPU
		{0F85F5FD-1333-4D56-93CC-1E499625C1BC}.Debug|Any CPU.Build.0 = Debug|Any CPU
		{0F85F5FD-1333-4D56-93CC-1E499625C1BC}.Debug|iPhone.ActiveCfg = Debug|Any CPU
		{0F85F5FD-1333-4D56-93CC-1E499625C1BC}.Debug|iPhone.Build.0 = Debug|Any CPU
		{0F85F5FD-1333-4D56-93CC-1E499625C1BC}.Debug|iPhoneSimulator.ActiveCfg = Debug|Any CPU
		{0F85F5FD-1333-4D56-93CC-1E499625C1BC}.Debug|iPhoneSimulator.Build.0 = Debug|Any CPU
		{0F85F5FD-1333-4D56-93CC-1E499625C1BC}.Release|Any CPU.ActiveCfg = Release|Any CPU
		{0F85F5FD-1333-4D56-93CC-1E499625C1BC}.Release|Any CPU.Build.0 = Release|Any CPU
		{0F85F5FD-1333-4D56-93CC-1E499625C1BC}.Release|iPhone.ActiveCfg = Release|Any CPU
		{0F85F5FD-1333-4D56-93CC-1E499625C1BC}.Release|iPhone.Build.0 = Release|Any CPU
		{0F85F5FD-1333-4D56-93CC-1E499625C1BC}.Release|iPhoneSimulator.ActiveCfg = Release|Any CPU
		{0F85F5FD-1333-4D56-93CC-1E499625C1BC}.Release|iPhoneSimulator.Build.0 = Release|Any CPU
		{88A689B3-05E1-4CBA-B56B-2C9CFD81465A}.Ad-Hoc|Any CPU.ActiveCfg = Release|Any CPU
		{88A689B3-05E1-4CBA-B56B-2C9CFD81465A}.Ad-Hoc|Any CPU.Build.0 = Release|Any CPU
		{88A689B3-05E1-4CBA-B56B-2C9CFD81465A}.Ad-Hoc|Any CPU.Deploy.0 = Release|Any CPU
		{88A689B3-05E1-4CBA-B56B-2C9CFD81465A}.Ad-Hoc|iPhone.ActiveCfg = Release|Any CPU
		{88A689B3-05E1-4CBA-B56B-2C9CFD81465A}.Ad-Hoc|iPhone.Build.0 = Release|Any CPU
		{88A689B3-05E1-4CBA-B56B-2C9CFD81465A}.Ad-Hoc|iPhone.Deploy.0 = Release|Any CPU
		{88A689B3-05E1-4CBA-B56B-2C9CFD81465A}.Ad-Hoc|iPhoneSimulator.ActiveCfg = Release|Any CPU
		{88A689B3-05E1-4CBA-B56B-2C9CFD81465A}.Ad-Hoc|iPhoneSimulator.Build.0 = Release|Any CPU
		{88A689B3-05E1-4CBA-B56B-2C9CFD81465A}.Ad-Hoc|iPhoneSimulator.Deploy.0 = Release|Any CPU
		{88A689B3-05E1-4CBA-B56B-2C9CFD81465A}.AppStore|Any CPU.ActiveCfg = Release|Any CPU
		{88A689B3-05E1-4CBA-B56B-2C9CFD81465A}.AppStore|Any CPU.Build.0 = Release|Any CPU
		{88A689B3-05E1-4CBA-B56B-2C9CFD81465A}.AppStore|Any CPU.Deploy.0 = Release|Any CPU
		{88A689B3-05E1-4CBA-B56B-2C9CFD81465A}.AppStore|iPhone.ActiveCfg = Release|Any CPU
		{88A689B3-05E1-4CBA-B56B-2C9CFD81465A}.AppStore|iPhone.Build.0 = Release|Any CPU
		{88A689B3-05E1-4CBA-B56B-2C9CFD81465A}.AppStore|iPhone.Deploy.0 = Release|Any CPU
		{88A689B3-05E1-4CBA-B56B-2C9CFD81465A}.AppStore|iPhoneSimulator.ActiveCfg = Release|Any CPU
		{88A689B3-05E1-4CBA-B56B-2C9CFD81465A}.AppStore|iPhoneSimulator.Build.0 = Release|Any CPU
		{88A689B3-05E1-4CBA-B56B-2C9CFD81465A}.AppStore|iPhoneSimulator.Deploy.0 = Release|Any CPU
		{88A689B3-05E1-4CBA-B56B-2C9CFD81465A}.Debug|Any CPU.ActiveCfg = Debug|Any CPU
		{88A689B3-05E1-4CBA-B56B-2C9CFD81465A}.Debug|Any CPU.Build.0 = Debug|Any CPU
		{88A689B3-05E1-4CBA-B56B-2C9CFD81465A}.Debug|Any CPU.Deploy.0 = Debug|Any CPU
		{88A689B3-05E1-4CBA-B56B-2C9CFD81465A}.Debug|iPhone.ActiveCfg = Debug|Any CPU
		{88A689B3-05E1-4CBA-B56B-2C9CFD81465A}.Debug|iPhone.Build.0 = Debug|Any CPU
		{88A689B3-05E1-4CBA-B56B-2C9CFD81465A}.Debug|iPhone.Deploy.0 = Debug|Any CPU
		{88A689B3-05E1-4CBA-B56B-2C9CFD81465A}.Debug|iPhoneSimulator.ActiveCfg = Debug|Any CPU
		{88A689B3-05E1-4CBA-B56B-2C9CFD81465A}.Debug|iPhoneSimulator.Build.0 = Debug|Any CPU
		{88A689B3-05E1-4CBA-B56B-2C9CFD81465A}.Debug|iPhoneSimulator.Deploy.0 = Debug|Any CPU
		{88A689B3-05E1-4CBA-B56B-2C9CFD81465A}.Release|Any CPU.ActiveCfg = Release|Any CPU
		{88A689B3-05E1-4CBA-B56B-2C9CFD81465A}.Release|Any CPU.Build.0 = Release|Any CPU
		{88A689B3-05E1-4CBA-B56B-2C9CFD81465A}.Release|Any CPU.Deploy.0 = Release|Any CPU
		{88A689B3-05E1-4CBA-B56B-2C9CFD81465A}.Release|iPhone.ActiveCfg = Release|Any CPU
		{88A689B3-05E1-4CBA-B56B-2C9CFD81465A}.Release|iPhone.Build.0 = Release|Any CPU
		{88A689B3-05E1-4CBA-B56B-2C9CFD81465A}.Release|iPhone.Deploy.0 = Release|Any CPU
		{88A689B3-05E1-4CBA-B56B-2C9CFD81465A}.Release|iPhoneSimulator.ActiveCfg = Release|Any CPU
		{88A689B3-05E1-4CBA-B56B-2C9CFD81465A}.Release|iPhoneSimulator.Build.0 = Release|Any CPU
		{88A689B3-05E1-4CBA-B56B-2C9CFD81465A}.Release|iPhoneSimulator.Deploy.0 = Release|Any CPU
		{7A47B739-4F10-412C-AB18-4842F92D8C49}.Ad-Hoc|Any CPU.ActiveCfg = Ad-Hoc|iPhone
		{7A47B739-4F10-412C-AB18-4842F92D8C49}.Ad-Hoc|iPhone.ActiveCfg = Ad-Hoc|iPhone
		{7A47B739-4F10-412C-AB18-4842F92D8C49}.Ad-Hoc|iPhone.Build.0 = Ad-Hoc|iPhone
		{7A47B739-4F10-412C-AB18-4842F92D8C49}.Ad-Hoc|iPhoneSimulator.ActiveCfg = Ad-Hoc|iPhoneSimulator
		{7A47B739-4F10-412C-AB18-4842F92D8C49}.Ad-Hoc|iPhoneSimulator.Build.0 = Ad-Hoc|iPhoneSimulator
		{7A47B739-4F10-412C-AB18-4842F92D8C49}.AppStore|Any CPU.ActiveCfg = AppStore|iPhone
		{7A47B739-4F10-412C-AB18-4842F92D8C49}.AppStore|iPhone.ActiveCfg = AppStore|iPhone
		{7A47B739-4F10-412C-AB18-4842F92D8C49}.AppStore|iPhone.Build.0 = AppStore|iPhone
		{7A47B739-4F10-412C-AB18-4842F92D8C49}.AppStore|iPhoneSimulator.ActiveCfg = AppStore|iPhoneSimulator
		{7A47B739-4F10-412C-AB18-4842F92D8C49}.AppStore|iPhoneSimulator.Build.0 = AppStore|iPhoneSimulator
		{7A47B739-4F10-412C-AB18-4842F92D8C49}.Debug|Any CPU.ActiveCfg = Debug|iPhone
		{7A47B739-4F10-412C-AB18-4842F92D8C49}.Debug|iPhone.ActiveCfg = Debug|iPhone
		{7A47B739-4F10-412C-AB18-4842F92D8C49}.Debug|iPhone.Build.0 = Debug|iPhone
		{7A47B739-4F10-412C-AB18-4842F92D8C49}.Debug|iPhoneSimulator.ActiveCfg = Debug|iPhoneSimulator
		{7A47B739-4F10-412C-AB18-4842F92D8C49}.Debug|iPhoneSimulator.Build.0 = Debug|iPhoneSimulator
		{7A47B739-4F10-412C-AB18-4842F92D8C49}.Release|Any CPU.ActiveCfg = Release|iPhone
		{7A47B739-4F10-412C-AB18-4842F92D8C49}.Release|iPhone.ActiveCfg = Release|iPhone
		{7A47B739-4F10-412C-AB18-4842F92D8C49}.Release|iPhone.Build.0 = Release|iPhone
		{7A47B739-4F10-412C-AB18-4842F92D8C49}.Release|iPhoneSimulator.ActiveCfg = Release|iPhoneSimulator
		{7A47B739-4F10-412C-AB18-4842F92D8C49}.Release|iPhoneSimulator.Build.0 = Release|iPhoneSimulator
	EndGlobalSection
	GlobalSection(SolutionProperties) = preSolution
		HideSolutionNode = FALSE
	EndGlobalSection
	GlobalSection(ExtensibilityGlobals) = postSolution
		SolutionGuid = {9E7FC82E-CD5E-4A78-B424-8C52E6F6A45D}
	EndGlobalSection
EndGlobal
